
Microsoft Visual Studio Solution File, Format Version 12.00
Project("{FAE04EC0-301F-11D3-BF4B-00C04F79EFBC}") = "TechLibrary", "TechLibrary\TechLibrary.csproj", "{58731E4D-5D64-4F77-9937-6EE85E70F86D}"
EndProject
Global
	GlobalSection(SolutionConfigurationPlatforms) = preSolution
		Debug|Any CPU = Debug|Any CPU
		Release|Any CPU = Release|Any CPU
	EndGlobalSection
	GlobalSection(ProjectConfigurationPlatforms) = postSolution
		{58731E4D-5D64-4F77-9937-6EE85E70F86D}.Debug|Any CPU.ActiveCfg = Debug|Any CPU
		{58731E4D-5D64-4F77-9937-6EE85E70F86D}.Debug|Any CPU.Build.0 = Debug|Any CPU
		{58731E4D-5D64-4F77-9937-6EE85E70F86D}.Release|Any CPU.ActiveCfg = Release|Any CPU
		{58731E4D-5D64-4F77-9937-6EE85E70F86D}.Release|Any CPU.Build.0 = Release|Any CPU
	EndGlobalSection
EndGlobal
